{
  "name": "node-part",
  "version": "1.0.0",
  "lockfileVersion": 1,
  "requires": true,
  "dependencies": {
    "@types/node": {
      "version": "20.5.7",
      "resolved": "http://10.0.53.132/artifactory/api/npm/npm/@types/node/-/node-20.5.7.tgz",
      "integrity": "sha1-S47KyH+++8kvQx0Jww4Xb8Cnw3c=",
      "dev": true
    }
  }
}
